
Microsoft Visual Studio Solution File, Format Version 12.00
# Visual Studio Version 16
VisualStudioVersion = 16.0.31410.357
MinimumVisualStudioVersion = 10.0.40219.1
Project("{FAE04EC0-301F-11D3-BF4B-00C04F79EFBC}") = "Installer", "Installer\Installer.csproj", "{7679DCA2-A1FA-4EBF-BB4F-FE11499AC456}"
EndProject
Global
	GlobalSection(SolutionConfigurationPlatforms) = preSolution
		Debug|Any CPU = Debug|Any CPU
		Release|Any CPU = Release|Any CPU
	EndGlobalSection
	GlobalSection(ProjectConfigurationPlatforms) = postSolution
		{7679DCA2-A1FA-4EBF-BB4F-FE11499AC456}.Debug|Any CPU.ActiveCfg = Debug|Any CPU
		{7679DCA2-A1FA-4EBF-BB4F-FE11499AC456}.Debug|Any CPU.Build.0 = Debug|Any CPU
		{7679DCA2-A1FA-4EBF-BB4F-FE11499AC456}.Release|Any CPU.ActiveCfg = Release|Any CPU
		{7679DCA2-A1FA-4EBF-BB4F-FE11499AC456}.Release|Any CPU.Build.0 = Release|Any CPU
	EndGlobalSection
	GlobalSection(SolutionProperties) = preSolution
		HideSolutionNode = FALSE
	EndGlobalSection
	GlobalSection(ExtensibilityGlobals) = postSolution
		SolutionGuid = {4FC4FDD4-D0BF-44B2-8B9D-0BC96A8C7CEF}
	EndGlobalSection
EndGlobal
